{
  "requires": true,
  "lockfileVersion": 1,
  "dependencies": {
    "thedavyloper-frame-print": {
      "version": "1.0.0",
      "resolved": "https://registry.npmjs.org/thedavyloper-frame-print/-/thedavyloper-frame-print-1.0.0.tgz",
      "integrity": "sha512-iWK4uaW7wjvNe+UOygaiWtpEXWvsFC7Xzg9p4Uvr01KUnxJcsMGOjkkzRgU9LfZweWHoJFbLPJpspSWzFaDduw=="
    }
  }
}
